{
  "pins" : [
    {
      "identity" : "bksdkcore",
      "kind" : "remoteSourceControl",
      "location" : "https://github.com/XbikeJavierBC/bksdkcore.git",
      "state" : {
        "branch" : "main",
        "revision" : "b00c1ee6aea98e8b60be910493b129b9cd4bf210"
      }
    },
    {
      "identity" : "ghgungnircore",
      "kind" : "remoteSourceControl",
      "location" : "https://github.com/XbikeJavierBC/ghgungnircore.git",
      "state" : {
        "branch" : "main",
        "revision" : "bd3208c774d66987a2191bd016e54b40b666c23c"
      }
    },
    {
      "identity" : "ghmjolnircore",
      "kind" : "remoteSourceControl",
      "location" : "https://github.com/XbikeJavierBC/ghmjolnircore.git",
      "state" : {
        "branch" : "main",
        "revision" : "000343569727af1ebd1624cc8f0eea838f92a5a1"
      }
    },
    {
      "identity" : "tinyconstraints",
      "kind" : "remoteSourceControl",
      "location" : "https://github.com/roberthein/TinyConstraints.git",
      "state" : {
        "branch" : "master",
        "revision" : "a89996a77d364eb85abdd09d42d2274e35ba56dc"
      }
    }
  ],
  "version" : 2
}
